# THIS IS AN AUTOGENERATED FILE. DO NOT EDIT THIS FILE DIRECTLY.
# yarn lockfile v1


"@girs/accountsservice-1.0@1.0.0-4.0.0-beta.23":
  version "1.0.0-4.0.0-beta.23"
  resolved "https://registry.yarnpkg.com/@girs/accountsservice-1.0/-/accountsservice-1.0-1.0.0-4.0.0-beta.23.tgz#ed88fcf6d720f709fadd72f0e6708cf11fe834d7"
  integrity sha512-QR7xfIvNbovmhNzzma+NxIMsQR8zgTaYk16Dqa/4YD8XBWrAgWuQhwEKKibG9KbQe5+YSUDUxJlbkSeOb3S5mg==
  dependencies:
    "@girs/gio-2.0" "^2.84.0-4.0.0-beta.23"
    "@girs/gjs" "^4.0.0-beta.23"
    "@girs/glib-2.0" "^2.84.0-4.0.0-beta.23"
    "@girs/gmodule-2.0" "^2.0.0-4.0.0-beta.23"
    "@girs/gobject-2.0" "^2.84.0-4.0.0-beta.23"

"@girs/adw-1@^1.8.0-4.0.0-beta.23":
  version "1.8.0-4.0.0-beta.25"
  resolved "https://registry.yarnpkg.com/@girs/adw-1/-/adw-1-1.8.0-4.0.0-beta.25.tgz#a1796005059d7e435ff2e2d5a7de055f013eda15"
  integrity sha512-8JFyUf9tH0AqZslJPnBQykwoDSajOxMyPqMxvRNGuf7We0PmOthlQSbU3qdo3OcQ0cGTk9dbN0EQSiss97m1zg==
  dependencies:
    "@girs/cairo-1.0" "^1.0.0-4.0.0-beta.25"
    "@girs/freetype2-2.0" "^2.0.0-4.0.0-beta.25"
    "@girs/gdk-4.0" "^4.0.0-4.0.0-beta.25"
    "@girs/gdkpixbuf-2.0" "^2.0.0-4.0.0-beta.25"
    "@girs/gio-2.0" "^2.84.2-4.0.0-beta.25"
    "@girs/gjs" "^4.0.0-beta.25"
    "@girs/glib-2.0" "^2.84.2-4.0.0-beta.25"
    "@girs/gmodule-2.0" "^2.0.0-4.0.0-beta.25"
    "@girs/gobject-2.0" "^2.84.2-4.0.0-beta.25"
    "@girs/graphene-1.0" "^1.0.0-4.0.0-beta.25"
    "@girs/gsk-4.0" "^4.0.0-4.0.0-beta.25"
    "@girs/gtk-4.0" "^4.19.1-4.0.0-beta.25"
    "@girs/harfbuzz-0.0" "^10.4.0-4.0.0-beta.25"
    "@girs/pango-1.0" "^1.56.4-4.0.0-beta.25"
    "@girs/pangocairo-1.0" "^1.0.0-4.0.0-beta.25"

"@girs/atk-1.0@^2.56.0-4.0.0-beta.23":
  version "2.56.0-4.0.0-beta.23"
  resolved "https://registry.yarnpkg.com/@girs/atk-1.0/-/atk-1.0-2.56.0-4.0.0-beta.23.tgz#daf3b9eb2945a41d9bfb6c10f473be1a458915c1"
  integrity sha512-5kFs//8rkORYMJh0FQNeNciEQmbMNfA4Jo8AV9du8WiWGAdFzkPLH9o3eQrqRGIqZBsbqiEy3FS+R9P7+bn/UA==
  dependencies:
    "@girs/gjs" "^4.0.0-beta.23"
    "@girs/glib-2.0" "^2.84.0-4.0.0-beta.23"
    "@girs/gobject-2.0" "^2.84.0-4.0.0-beta.23"

"@girs/atk-1.0@^2.56.2-4.0.0-beta.25":
  version "2.56.2-4.0.0-beta.25"
  resolved "https://registry.yarnpkg.com/@girs/atk-1.0/-/atk-1.0-2.56.2-4.0.0-beta.25.tgz#d37918ebb0f1c73c8d9e9cd4fbc5630e44858ae9"
  integrity sha512-V6eswiQtp8Hqr/IdD3T+3uHDerCajP6GRKedLwijg39tvAciVH3ZIUqrKY5w6igMMdZIPQ6HbgNPGMqgc3kVlQ==
  dependencies:
    "@girs/gjs" "^4.0.0-beta.25"
    "@girs/glib-2.0" "^2.84.2-4.0.0-beta.25"
    "@girs/gobject-2.0" "^2.84.2-4.0.0-beta.25"

"@girs/cairo-1.0@^1.0.0-4.0.0-beta.23", "@girs/cairo-1.0@^1.0.0-4.0.0-beta.25":
  version "1.0.0-4.0.0-beta.25"
  resolved "https://registry.yarnpkg.com/@girs/cairo-1.0/-/cairo-1.0-1.0.0-4.0.0-beta.25.tgz#3e59ce37b9fe7c3cd8bc0932ac3e726cc3ffdec7"
  integrity sha512-gg892WthDi8uwfyPYMqGQ0P2PEPO0R0L88Vr/wiiKzDtKAoiW0G9Mu81edTc2yK0Q1CFf7toE7HWPOfkNilztA==
  dependencies:
    "@girs/gjs" "^4.0.0-beta.25"
    "@girs/glib-2.0" "^2.84.2-4.0.0-beta.25"
    "@girs/gobject-2.0" "^2.84.2-4.0.0-beta.25"

"@girs/clutter-16@^16.0.0-4.0.0-beta.23", "@girs/clutter-16@^16.0.0-4.0.0-beta.25":
  version "16.0.0-4.0.0-beta.25"
  resolved "https://registry.yarnpkg.com/@girs/clutter-16/-/clutter-16-16.0.0-4.0.0-beta.25.tgz#86c2e919c10596627060b0fbd6fb56e74af92178"
  integrity sha512-Bxr9HqbYOp01H7n3u12RvWj7bX/XCZvnyF/6WkrGGOrQPegapPjHLntEMGEKv3GzbrTncvVfzhCCpcW9OU2LiQ==
  dependencies:
    "@girs/atk-1.0" "^2.56.2-4.0.0-beta.25"
    "@girs/cairo-1.0" "^1.0.0-4.0.0-beta.25"
    "@girs/cogl-16" "^16.0.0-4.0.0-beta.25"
    "@girs/freetype2-2.0" "^2.0.0-4.0.0-beta.25"
    "@girs/gio-2.0" "^2.84.2-4.0.0-beta.25"
    "@girs/gjs" "^4.0.0-beta.25"
    "@girs/gl-1.0" "^1.0.0-4.0.0-beta.25"
    "@girs/glib-2.0" "^2.84.2-4.0.0-beta.25"
    "@girs/gmodule-2.0" "^2.0.0-4.0.0-beta.25"
    "@girs/gobject-2.0" "^2.84.2-4.0.0-beta.25"
    "@girs/graphene-1.0" "^1.0.0-4.0.0-beta.25"
    "@girs/harfbuzz-0.0" "^10.4.0-4.0.0-beta.25"
    "@girs/mtk-16" "^16.0.0-4.0.0-beta.25"
    "@girs/pango-1.0" "^1.56.4-4.0.0-beta.25"
    "@girs/xlib-2.0" "^2.0.0-4.0.0-beta.25"

"@girs/cogl-16@^16.0.0-4.0.0-beta.25":
  version "16.0.0-4.0.0-beta.25"
  resolved "https://registry.yarnpkg.com/@girs/cogl-16/-/cogl-16-16.0.0-4.0.0-beta.25.tgz#649484342c496f72f59cebccdac6111c46d1c7fe"
  integrity sha512-iPmih9K+84x5Te5lLFGrwSfyfBr73+9ymAEmhYavguS1vY16ozQfDsuGEWUTFi5PiqsHUKBB8mq+Gt2wcNR5zQ==
  dependencies:
    "@girs/gjs" "^4.0.0-beta.25"
    "@girs/gl-1.0" "^1.0.0-4.0.0-beta.25"
    "@girs/glib-2.0" "^2.84.2-4.0.0-beta.25"
    "@girs/gobject-2.0" "^2.84.2-4.0.0-beta.25"
    "@girs/graphene-1.0" "^1.0.0-4.0.0-beta.25"
    "@girs/mtk-16" "^16.0.0-4.0.0-beta.25"
    "@girs/xlib-2.0" "^2.0.0-4.0.0-beta.25"

"@girs/cogl-2.0@^2.0.0-4.0.0-beta.23":
  version "2.0.0-4.0.0-beta.25"
  resolved "https://registry.yarnpkg.com/@girs/cogl-2.0/-/cogl-2.0-2.0.0-4.0.0-beta.25.tgz#e189899a4e4f6ea285d96bd35e4858287dc7aa13"
  integrity sha512-O1qYFxqEbM9yGAZ2wv8GSrDi9ztnL6Q63XEEPCeWIw8xs57zvKm0CCYmgF9Dh+PY71+Q75gAiHKy/785qwK7Cw==
  dependencies:
    "@girs/gjs" "^4.0.0-beta.25"
    "@girs/gl-1.0" "^1.0.0-4.0.0-beta.25"
    "@girs/glib-2.0" "^2.84.2-4.0.0-beta.25"
    "@girs/gobject-2.0" "^2.84.2-4.0.0-beta.25"

"@girs/freetype2-2.0@^2.0.0-4.0.0-beta.23", "@girs/freetype2-2.0@^2.0.0-4.0.0-beta.25":
  version "2.0.0-4.0.0-beta.25"
  resolved "https://registry.yarnpkg.com/@girs/freetype2-2.0/-/freetype2-2.0-2.0.0-4.0.0-beta.25.tgz#17ca931f53d9fcef1963812446dcc7ac1c260c5c"
  integrity sha512-QubZF7yZDbhEZv/f83leMjiupjrSSvVcPuP3l3O1dpQj/cmERW5+XpZ0PXoDtOWASuE8keiRjGocXOEMd692Vg==
  dependencies:
    "@girs/gjs" "^4.0.0-beta.25"
    "@girs/gobject-2.0" "^2.84.2-4.0.0-beta.25"

"@girs/gck-2@^4.4.0-4.0.0-beta.25":
  version "4.4.0-4.0.0-beta.25"
  resolved "https://registry.yarnpkg.com/@girs/gck-2/-/gck-2-4.4.0-4.0.0-beta.25.tgz#02770f7bef931a81b2e8adf9f68bdeba51d69f27"
  integrity sha512-nxyN5R1a9C2GuD5tcuswwH2FrUULxyB2jZ4Nbc6AcBSr23nvhOxVwy9HhiL8ipuSdGlMSFI3LS2RQcMxfynPWA==
  dependencies:
    "@girs/gio-2.0" "^2.84.2-4.0.0-beta.25"
    "@girs/gjs" "^4.0.0-beta.25"
    "@girs/glib-2.0" "^2.84.2-4.0.0-beta.25"
    "@girs/gmodule-2.0" "^2.0.0-4.0.0-beta.25"
    "@girs/gobject-2.0" "^2.84.2-4.0.0-beta.25"

"@girs/gcr-4@^4.4.0-4.0.0-beta.23", "@girs/gcr-4@^4.4.0-4.0.0-beta.25":
  version "4.4.0-4.0.0-beta.25"
  resolved "https://registry.yarnpkg.com/@girs/gcr-4/-/gcr-4-4.4.0-4.0.0-beta.25.tgz#34c5f39c356b54a112f19e0cb7c0dba1084a5f4b"
  integrity sha512-f4B0QTRfDxN4b2NmdTKNQvJaKauhFGB6IIk67isQJ5fdOVTPXco11To1lC/YO2LN5sXUaQcqJY9IYQ6i0cPk3Q==
  dependencies:
    "@girs/gck-2" "^4.4.0-4.0.0-beta.25"
    "@girs/gio-2.0" "^2.84.2-4.0.0-beta.25"
    "@girs/gjs" "^4.0.0-beta.25"
    "@girs/glib-2.0" "^2.84.2-4.0.0-beta.25"
    "@girs/gmodule-2.0" "^2.0.0-4.0.0-beta.25"
    "@girs/gobject-2.0" "^2.84.2-4.0.0-beta.25"

"@girs/gdesktopenums-3.0@^3.0.0-4.0.0-beta.25":
  version "3.0.0-4.0.0-beta.25"
  resolved "https://registry.yarnpkg.com/@girs/gdesktopenums-3.0/-/gdesktopenums-3.0-3.0.0-4.0.0-beta.25.tgz#fbed3c4c356192c4680553c627023c7c8dcbc944"
  integrity sha512-mUNXdrkQO2SjLWB/AQhckwAjo1CNeI8Nt5jQqm0XniY8L9SW0EYSqZz9gMWiSpCVe5mo7zbkcMti0BD/OHYJdQ==
  dependencies:
    "@girs/gjs" "^4.0.0-beta.25"
    "@girs/gobject-2.0" "^2.84.2-4.0.0-beta.25"

"@girs/gdk-4.0@^4.0.0-4.0.0-beta.23", "@girs/gdk-4.0@^4.0.0-4.0.0-beta.25":
  version "4.0.0-4.0.0-beta.25"
  resolved "https://registry.yarnpkg.com/@girs/gdk-4.0/-/gdk-4.0-4.0.0-4.0.0-beta.25.tgz#cbefe71b45090002e69fbe5b1f4fae57fa3ef962"
  integrity sha512-Cx4pODfpZD4NeOD3GvWmdsGtOvgYcKqkRhvObktNePMKIJDtpoLha/Zcuq8RkwHtTHxXkj67qmn/SrfMCU6DRA==
  dependencies:
    "@girs/cairo-1.0" "^1.0.0-4.0.0-beta.25"
    "@girs/freetype2-2.0" "^2.0.0-4.0.0-beta.25"
    "@girs/gdkpixbuf-2.0" "^2.0.0-4.0.0-beta.25"
    "@girs/gio-2.0" "^2.84.2-4.0.0-beta.25"
    "@girs/gjs" "^4.0.0-beta.25"
    "@girs/glib-2.0" "^2.84.2-4.0.0-beta.25"
    "@girs/gmodule-2.0" "^2.0.0-4.0.0-beta.25"
    "@girs/gobject-2.0" "^2.84.2-4.0.0-beta.25"
    "@girs/harfbuzz-0.0" "^10.4.0-4.0.0-beta.25"
    "@girs/pango-1.0" "^1.56.4-4.0.0-beta.25"
    "@girs/pangocairo-1.0" "^1.0.0-4.0.0-beta.25"

"@girs/gdkpixbuf-2.0@^2.0.0-4.0.0-beta.23", "@girs/gdkpixbuf-2.0@^2.0.0-4.0.0-beta.25":
  version "2.0.0-4.0.0-beta.25"
  resolved "https://registry.yarnpkg.com/@girs/gdkpixbuf-2.0/-/gdkpixbuf-2.0-2.0.0-4.0.0-beta.25.tgz#ac8e5ba693f1986922cdfb6ce23968eb7246df0b"
  integrity sha512-SkKxi4ytXjiCiD6+74wqaZM3gTf0FPc0edhU2+womp4T9FZSvbJ4/FC1/2jSYip3Q39eSxUVBszyoE3oTgvHjg==
  dependencies:
    "@girs/gio-2.0" "^2.84.2-4.0.0-beta.25"
    "@girs/gjs" "^4.0.0-beta.25"
    "@girs/glib-2.0" "^2.84.2-4.0.0-beta.25"
    "@girs/gmodule-2.0" "^2.0.0-4.0.0-beta.25"
    "@girs/gobject-2.0" "^2.84.2-4.0.0-beta.25"

"@girs/gdm-1.0@^1.0.0-4.0.0-beta.23":
  version "1.0.0-4.0.0-beta.25"
  resolved "https://registry.yarnpkg.com/@girs/gdm-1.0/-/gdm-1.0-1.0.0-4.0.0-beta.25.tgz#6db871e886d5c0e223b0f160f6e25b6dac98a8dc"
  integrity sha512-dE10VXllSv7cAXMoNUfCafRVqg2i2lmdwH1XRRKDSvH6Db7hGv7vORZWOIE6jnTUUBkT0hAeMmCUWLpKzQptuA==
  dependencies:
    "@girs/gio-2.0" "^2.84.2-4.0.0-beta.25"
    "@girs/gjs" "^4.0.0-beta.25"
    "@girs/glib-2.0" "^2.84.2-4.0.0-beta.25"
    "@girs/gmodule-2.0" "^2.0.0-4.0.0-beta.25"
    "@girs/gobject-2.0" "^2.84.2-4.0.0-beta.25"

"@girs/gio-2.0@^2.84.0-4.0.0-beta.23":
  version "2.84.0-4.0.0-beta.23"
  resolved "https://registry.yarnpkg.com/@girs/gio-2.0/-/gio-2.0-2.84.0-4.0.0-beta.23.tgz#456d7cb2037b07698ed3513b19ff8bbb21e5206a"
  integrity sha512-FcGgYQ96KhdeFJvUYsIm0XmOYaYnTfpHKzPUOW4IcJm5q38RNDKgoijBMfedv3fMxnPDtpMb08ZFD6P1GjJY8A==
  dependencies:
    "@girs/gjs" "^4.0.0-beta.23"
    "@girs/glib-2.0" "^2.84.0-4.0.0-beta.23"
    "@girs/gmodule-2.0" "^2.0.0-4.0.0-beta.23"
    "@girs/gobject-2.0" "^2.84.0-4.0.0-beta.23"

"@girs/gio-2.0@^2.84.2-4.0.0-beta.25":
  version "2.84.2-4.0.0-beta.25"
  resolved "https://registry.yarnpkg.com/@girs/gio-2.0/-/gio-2.0-2.84.2-4.0.0-beta.25.tgz#2cca6c83cf935cafc7acd96b55dd9d29e324f455"
  integrity sha512-2iJXJbHX4q2/ZHFyAH/oStPnwlLfyxNPwDX3ouzWGiwTnO4FOPOzW+9CltWD/IOF2I3luLUW5Bk3Y+WbBR8RSA==
  dependencies:
    "@girs/gjs" "^4.0.0-beta.25"
    "@girs/glib-2.0" "^2.84.2-4.0.0-beta.25"
    "@girs/gmodule-2.0" "^2.0.0-4.0.0-beta.25"
    "@girs/gobject-2.0" "^2.84.2-4.0.0-beta.25"

"@girs/gjs@^4.0.0-beta.23", "@girs/gjs@^4.0.0-beta.25":
  version "4.0.0-beta.25"
  resolved "https://registry.yarnpkg.com/@girs/gjs/-/gjs-4.0.0-beta.25.tgz#e722cc4863cd30b45b827e96aebacc1319c4723f"
  integrity sha512-7m3copHTTWcc6XyKsCY0xwzZKDer8kzfnfVAptYisXat25GuWT6hsoZdbXJ26sqlnk0w/Tpxmeqd18aYLYRdGA==
  dependencies:
    "@girs/cairo-1.0" "^1.0.0-4.0.0-beta.25"
    "@girs/gio-2.0" "^2.84.2-4.0.0-beta.25"
    "@girs/glib-2.0" "^2.84.2-4.0.0-beta.25"
    "@girs/gobject-2.0" "^2.84.2-4.0.0-beta.25"

"@girs/gl-1.0@^1.0.0-4.0.0-beta.25":
  version "1.0.0-4.0.0-beta.25"
  resolved "https://registry.yarnpkg.com/@girs/gl-1.0/-/gl-1.0-1.0.0-4.0.0-beta.25.tgz#f7be748fdb8179109e604ff0c5314368a000d3a1"
  integrity sha512-gN2yk7NXRzei7TDL3xlJxzeXbzErdZ5OrZ18Q6EZS7M89Fahz6PNR5BcYbvojsFZh4VEf1jqEaCq3k+p0sVCCg==
  dependencies:
    "@girs/gjs" "^4.0.0-beta.25"
    "@girs/gobject-2.0" "^2.84.2-4.0.0-beta.25"

"@girs/glib-2.0@^2.84.0-4.0.0-beta.23":
  version "2.84.0-4.0.0-beta.23"
  resolved "https://registry.yarnpkg.com/@girs/glib-2.0/-/glib-2.0-2.84.0-4.0.0-beta.23.tgz#e2d2efeb8227499914bdd96fa3a0a39aa5e84fbd"
  integrity sha512-epQae3f9rDeIrEgA9hOEiNAppJYQAfVRZ4Uh/0yO9NtAQR6PTfXUpjotw9ndjVxsHpEmRODoM2t/kytCYqKmVg==
  dependencies:
    "@girs/gjs" "^4.0.0-beta.23"
    "@girs/gobject-2.0" "^2.84.0-4.0.0-beta.23"

"@girs/glib-2.0@^2.84.2-4.0.0-beta.25":
  version "2.84.2-4.0.0-beta.25"
  resolved "https://registry.yarnpkg.com/@girs/glib-2.0/-/glib-2.0-2.84.2-4.0.0-beta.25.tgz#4c64e210835f8d07c892412b3cc378ad1fab2bbc"
  integrity sha512-4G8Ai2jh8bqiHa5Dd4MqU3m1JNyMxa0TudMaZrL67Z1/QOGFPg/75luVtIvCD+j4fwaMlfLHaBGJJ+1dFklCpw==
  dependencies:
    "@girs/gjs" "^4.0.0-beta.25"
    "@girs/gobject-2.0" "^2.84.2-4.0.0-beta.25"

"@girs/gmodule-2.0@^2.0.0-4.0.0-beta.23", "@girs/gmodule-2.0@^2.0.0-4.0.0-beta.25":
  version "2.0.0-4.0.0-beta.25"
  resolved "https://registry.yarnpkg.com/@girs/gmodule-2.0/-/gmodule-2.0-2.0.0-4.0.0-beta.25.tgz#2070b1cb1e73f24a3df94a8b36ff96280f36c081"
  integrity sha512-RiZ1LhVN2EbPnqb7Ed4DVhPF5ZDfvKrEaHfxBiAsBU7knf8FUKKOGwOKvH2tQ36JYnvTNACQkm+xcPSIYIkwsQ==
  dependencies:
    "@girs/gjs" "^4.0.0-beta.25"
    "@girs/glib-2.0" "^2.84.2-4.0.0-beta.25"
    "@girs/gobject-2.0" "^2.84.2-4.0.0-beta.25"

"@girs/gnome-shell@^48.0.2":
  version "48.0.2"
  resolved "https://registry.yarnpkg.com/@girs/gnome-shell/-/gnome-shell-48.0.2.tgz#2f6f673fc079c634e081747715af8d0fe0ba66e5"
  integrity sha512-hrlnTCc6y9O7GTn7M7YAufKdmIF8Et7ZFTRRUVXyv3hBHAor0bUFDrHdmVD+D7KdMHCJrtaLW6EtUCRQyovU2A==
  dependencies:
    "@girs/accountsservice-1.0" "1.0.0-4.0.0-beta.23"
    "@girs/adw-1" "^1.8.0-4.0.0-beta.23"
    "@girs/atk-1.0" "^2.56.0-4.0.0-beta.23"
    "@girs/clutter-16" "^16.0.0-4.0.0-beta.23"
    "@girs/cogl-2.0" "^2.0.0-4.0.0-beta.23"
    "@girs/gcr-4" "^4.4.0-4.0.0-beta.23"
    "@girs/gdm-1.0" "^1.0.0-4.0.0-beta.23"
    "@girs/gio-2.0" "^2.84.0-4.0.0-beta.23"
    "@girs/gjs" "^4.0.0-beta.23"
    "@girs/glib-2.0" "^2.84.0-4.0.0-beta.23"
    "@girs/gnomebg-4.0" "^4.0.0-4.0.0-beta.23"
    "@girs/gnomebluetooth-3.0" "^3.0.0-4.0.0-beta.23"
    "@girs/gnomedesktop-4.0" "^4.0.0-4.0.0-beta.23"
    "@girs/gobject-2.0" "^2.84.0-4.0.0-beta.23"
    "@girs/gtk-4.0" "^4.18.3-4.0.0-beta.23"
    "@girs/gvc-1.0" "^1.0.0-4.0.0-beta.23"
    "@girs/meta-16" "^16.0.0-4.0.0-beta.23"
    "@girs/mtk-16" "^16.0.0-4.0.0-beta.23"
    "@girs/polkit-1.0" "^1.0.0-4.0.0-beta.23"
    "@girs/shell-16" "^16.0.0-4.0.0-beta.23"
    "@girs/shew-0" "^0.0.0-4.0.0-beta.23"
    "@girs/st-16" "^16.0.0-4.0.0-beta.23"
    "@girs/upowerglib-1.0" "^0.99.1-4.0.0-beta.23"

"@girs/gnomebg-4.0@^4.0.0-4.0.0-beta.23":
  version "4.0.0-4.0.0-beta.25"
  resolved "https://registry.yarnpkg.com/@girs/gnomebg-4.0/-/gnomebg-4.0-4.0.0-4.0.0-beta.25.tgz#17e56ab8990544d40175c4d9a49397e27710c580"
  integrity sha512-/okQR4dZZlZw/1hcQIb+sNjNFaN3ORnxxmRIjW6PfUCtTT6bl7aSqFauyB7jMvc89bPovV+lakBPVqh2bivf2A==
  dependencies:
    "@girs/cairo-1.0" "^1.0.0-4.0.0-beta.25"
    "@girs/freetype2-2.0" "^2.0.0-4.0.0-beta.25"
    "@girs/gdesktopenums-3.0" "^3.0.0-4.0.0-beta.25"
    "@girs/gdk-4.0" "^4.0.0-4.0.0-beta.25"
    "@girs/gdkpixbuf-2.0" "^2.0.0-4.0.0-beta.25"
    "@girs/gio-2.0" "^2.84.2-4.0.0-beta.25"
    "@girs/gjs" "^4.0.0-beta.25"
    "@girs/glib-2.0" "^2.84.2-4.0.0-beta.25"
    "@girs/gmodule-2.0" "^2.0.0-4.0.0-beta.25"
    "@girs/gnomedesktop-4.0" "^4.0.0-4.0.0-beta.25"
    "@girs/gobject-2.0" "^2.84.2-4.0.0-beta.25"
    "@girs/harfbuzz-0.0" "^10.4.0-4.0.0-beta.25"
    "@girs/pango-1.0" "^1.56.4-4.0.0-beta.25"
    "@girs/pangocairo-1.0" "^1.0.0-4.0.0-beta.25"

"@girs/gnomebluetooth-3.0@^3.0.0-4.0.0-beta.23":
  version "3.0.0-4.0.0-beta.25"
  resolved "https://registry.yarnpkg.com/@girs/gnomebluetooth-3.0/-/gnomebluetooth-3.0-3.0.0-4.0.0-beta.25.tgz#b2bc71b32361cbd2cd07bc7acd1bfe49ea48efcc"
  integrity sha512-689NiJwF4gNd9V+XKauhqcVCNXH5u0LHcZoNiDqL4zVCeZMt08X2YuMBRgwoXTaO7Z+r/0Jr6ExUM+zEfeWaxA==
  dependencies:
    "@girs/gio-2.0" "^2.84.2-4.0.0-beta.25"
    "@girs/gjs" "^4.0.0-beta.25"
    "@girs/glib-2.0" "^2.84.2-4.0.0-beta.25"
    "@girs/gmodule-2.0" "^2.0.0-4.0.0-beta.25"
    "@girs/gobject-2.0" "^2.84.2-4.0.0-beta.25"

"@girs/gnomedesktop-4.0@^4.0.0-4.0.0-beta.23", "@girs/gnomedesktop-4.0@^4.0.0-4.0.0-beta.25":
  version "4.0.0-4.0.0-beta.25"
  resolved "https://registry.yarnpkg.com/@girs/gnomedesktop-4.0/-/gnomedesktop-4.0-4.0.0-4.0.0-beta.25.tgz#b5dc508be8df5b05fe17e4586399735094f05823"
  integrity sha512-WycNBQANOFkNvP0x880gTFZ6HfIM8VBggSIpC8ZelA/DthN152YrDoMjD0SRSBcLBqKHMDJS85GjdwwVQqBERw==
  dependencies:
    "@girs/gdesktopenums-3.0" "^3.0.0-4.0.0-beta.25"
    "@girs/gdkpixbuf-2.0" "^2.0.0-4.0.0-beta.25"
    "@girs/gio-2.0" "^2.84.2-4.0.0-beta.25"
    "@girs/gjs" "^4.0.0-beta.25"
    "@girs/glib-2.0" "^2.84.2-4.0.0-beta.25"
    "@girs/gmodule-2.0" "^2.0.0-4.0.0-beta.25"
    "@girs/gobject-2.0" "^2.84.2-4.0.0-beta.25"

"@girs/gobject-2.0@^2.84.0-4.0.0-beta.23":
  version "2.84.0-4.0.0-beta.23"
  resolved "https://registry.yarnpkg.com/@girs/gobject-2.0/-/gobject-2.0-2.84.0-4.0.0-beta.23.tgz#67b0859f94795adab4092b822ca803d82df3b38c"
  integrity sha512-GNWQDLo+Nmq2FQNPljKKh4Zplp8vZwwr0hj1sf4lbJ36zbVsovrhfNozqaph0XNjv8vtHeTcXUocGQprM9FHCg==
  dependencies:
    "@girs/gjs" "^4.0.0-beta.23"
    "@girs/glib-2.0" "^2.84.0-4.0.0-beta.23"

"@girs/gobject-2.0@^2.84.2-4.0.0-beta.25":
  version "2.84.2-4.0.0-beta.25"
  resolved "https://registry.yarnpkg.com/@girs/gobject-2.0/-/gobject-2.0-2.84.2-4.0.0-beta.25.tgz#020ee99b2a97315c39889dd1bf601f5aa7154540"
  integrity sha512-5CHEq2Rw9hCHYmxhWQQLR0eJlqWhO9MpbJkr1rHrPqM00i9t9n701de1daFXubi9DUwsqw73F+36A2UDkTC5sw==
  dependencies:
    "@girs/gjs" "^4.0.0-beta.25"
    "@girs/glib-2.0" "^2.84.2-4.0.0-beta.25"

"@girs/graphene-1.0@^1.0.0-4.0.0-beta.23", "@girs/graphene-1.0@^1.0.0-4.0.0-beta.25":
  version "1.0.0-4.0.0-beta.25"
  resolved "https://registry.yarnpkg.com/@girs/graphene-1.0/-/graphene-1.0-1.0.0-4.0.0-beta.25.tgz#b5cd17a810c79c18abb12c3c04bfa28cd3caf2d6"
  integrity sha512-4XVs2ZWq/r4fjTT9IP0s14wWotk4NZt/YUzHxHXT9neitD+uJnP9Ho2AFEVpv/vDXr0CSXE2TiJn7ryEltvEwg==
  dependencies:
    "@girs/gjs" "^4.0.0-beta.25"
    "@girs/glib-2.0" "^2.84.2-4.0.0-beta.25"
    "@girs/gobject-2.0" "^2.84.2-4.0.0-beta.25"

"@girs/gsk-4.0@^4.0.0-4.0.0-beta.23", "@girs/gsk-4.0@^4.0.0-4.0.0-beta.25":
  version "4.0.0-4.0.0-beta.25"
  resolved "https://registry.yarnpkg.com/@girs/gsk-4.0/-/gsk-4.0-4.0.0-4.0.0-beta.25.tgz#e6b02bb901bf30d82627408fe8e23dcbc4be6a58"
  integrity sha512-Y6j0tGDDMlj53Xb/rIbc294a0osarTEU7mXpJKFcpdJgf/yFTFooglF11Imd87ETJulWkNBkbep4HxtmPmPjdg==
  dependencies:
    "@girs/cairo-1.0" "^1.0.0-4.0.0-beta.25"
    "@girs/freetype2-2.0" "^2.0.0-4.0.0-beta.25"
    "@girs/gdk-4.0" "^4.0.0-4.0.0-beta.25"
    "@girs/gdkpixbuf-2.0" "^2.0.0-4.0.0-beta.25"
    "@girs/gio-2.0" "^2.84.2-4.0.0-beta.25"
    "@girs/gjs" "^4.0.0-beta.25"
    "@girs/glib-2.0" "^2.84.2-4.0.0-beta.25"
    "@girs/gmodule-2.0" "^2.0.0-4.0.0-beta.25"
    "@girs/gobject-2.0" "^2.84.2-4.0.0-beta.25"
    "@girs/graphene-1.0" "^1.0.0-4.0.0-beta.25"
    "@girs/harfbuzz-0.0" "^10.4.0-4.0.0-beta.25"
    "@girs/pango-1.0" "^1.56.4-4.0.0-beta.25"
    "@girs/pangocairo-1.0" "^1.0.0-4.0.0-beta.25"

"@girs/gtk-4.0@^4.18.3-4.0.0-beta.23":
  version "4.18.3-4.0.0-beta.23"
  resolved "https://registry.yarnpkg.com/@girs/gtk-4.0/-/gtk-4.0-4.18.3-4.0.0-beta.23.tgz#7eeee0c67d5778a5b74be10a10f6ee5960d9a455"
  integrity sha512-CsMPZLHQz+kWP81zR8AfPRpqUh9g1i5QNG08E9shj3Z9hvbR3goXmQXCSjgVxkcD40YsFn2tlc5FF/aztwY45Q==
  dependencies:
    "@girs/cairo-1.0" "^1.0.0-4.0.0-beta.23"
    "@girs/freetype2-2.0" "^2.0.0-4.0.0-beta.23"
    "@girs/gdk-4.0" "^4.0.0-4.0.0-beta.23"
    "@girs/gdkpixbuf-2.0" "^2.0.0-4.0.0-beta.23"
    "@girs/gio-2.0" "^2.84.0-4.0.0-beta.23"
    "@girs/gjs" "^4.0.0-beta.23"
    "@girs/glib-2.0" "^2.84.0-4.0.0-beta.23"
    "@girs/gmodule-2.0" "^2.0.0-4.0.0-beta.23"
    "@girs/gobject-2.0" "^2.84.0-4.0.0-beta.23"
    "@girs/graphene-1.0" "^1.0.0-4.0.0-beta.23"
    "@girs/gsk-4.0" "^4.0.0-4.0.0-beta.23"
    "@girs/harfbuzz-0.0" "^9.0.0-4.0.0-beta.23"
    "@girs/pango-1.0" "^1.56.4-4.0.0-beta.23"
    "@girs/pangocairo-1.0" "^1.0.0-4.0.0-beta.23"

"@girs/gtk-4.0@^4.19.1-4.0.0-beta.25":
  version "4.19.1-4.0.0-beta.25"
  resolved "https://registry.yarnpkg.com/@girs/gtk-4.0/-/gtk-4.0-4.19.1-4.0.0-beta.25.tgz#c331181b18d4b787d24f08276ced83df8879a65b"
  integrity sha512-afgV1TLur4H0IDx0VSX+tihzL8aXVR7v//97wMwQrEcd9vnhRl5jd2MDJSBlmrkLWLNhrtl1P3+MQ4OxC4oV6Q==
  dependencies:
    "@girs/cairo-1.0" "^1.0.0-4.0.0-beta.25"
    "@girs/freetype2-2.0" "^2.0.0-4.0.0-beta.25"
    "@girs/gdk-4.0" "^4.0.0-4.0.0-beta.25"
    "@girs/gdkpixbuf-2.0" "^2.0.0-4.0.0-beta.25"
    "@girs/gio-2.0" "^2.84.2-4.0.0-beta.25"
    "@girs/gjs" "^4.0.0-beta.25"
    "@girs/glib-2.0" "^2.84.2-4.0.0-beta.25"
    "@girs/gmodule-2.0" "^2.0.0-4.0.0-beta.25"
    "@girs/gobject-2.0" "^2.84.2-4.0.0-beta.25"
    "@girs/graphene-1.0" "^1.0.0-4.0.0-beta.25"
    "@girs/gsk-4.0" "^4.0.0-4.0.0-beta.25"
    "@girs/harfbuzz-0.0" "^10.4.0-4.0.0-beta.25"
    "@girs/pango-1.0" "^1.56.4-4.0.0-beta.25"
    "@girs/pangocairo-1.0" "^1.0.0-4.0.0-beta.25"

"@girs/gvc-1.0@^1.0.0-4.0.0-beta.23", "@girs/gvc-1.0@^1.0.0-4.0.0-beta.25":
  version "1.0.0-4.0.0-beta.25"
  resolved "https://registry.yarnpkg.com/@girs/gvc-1.0/-/gvc-1.0-1.0.0-4.0.0-beta.25.tgz#337b71f9a4c2cc7039398f393e36745f74734131"
  integrity sha512-012qBpaJ0XlnupZZgoo2SnX29Dt8gO3U+F+EE9SohbH08jHjni5eMc+A5WupXmKXwwBTX/tFvBr82NnuivZeQw==
  dependencies:
    "@girs/gio-2.0" "^2.84.2-4.0.0-beta.25"
    "@girs/gjs" "^4.0.0-beta.25"
    "@girs/glib-2.0" "^2.84.2-4.0.0-beta.25"
    "@girs/gmodule-2.0" "^2.0.0-4.0.0-beta.25"
    "@girs/gobject-2.0" "^2.84.2-4.0.0-beta.25"

"@girs/harfbuzz-0.0@^10.4.0-4.0.0-beta.25":
  version "10.4.0-4.0.0-beta.25"
  resolved "https://registry.yarnpkg.com/@girs/harfbuzz-0.0/-/harfbuzz-0.0-10.4.0-4.0.0-beta.25.tgz#829a79d07754bd92b96549b4b45219bb4f0887ed"
  integrity sha512-0fJFZeBLeiMz03MFVx6uRiNGTXKTYP0Js0WqHYEmwi8eYc3/rvT6wOnxK+4mDSUfplvhS6J6QfNSQYKhA2p6Sw==
  dependencies:
    "@girs/freetype2-2.0" "^2.0.0-4.0.0-beta.25"
    "@girs/gjs" "^4.0.0-beta.25"
    "@girs/glib-2.0" "^2.84.2-4.0.0-beta.25"
    "@girs/gobject-2.0" "^2.84.2-4.0.0-beta.25"

"@girs/harfbuzz-0.0@^9.0.0-4.0.0-beta.23":
  version "9.0.0-4.0.0-beta.23"
  resolved "https://registry.yarnpkg.com/@girs/harfbuzz-0.0/-/harfbuzz-0.0-9.0.0-4.0.0-beta.23.tgz#2ce01215d2d5f693eac506dfcb257d949538345d"
  integrity sha512-9uWYDEUhkyoClR4GHv69AMHRDtcNSwidtA8MG8c1rMDT5qWNWkwfQK5hwX8/oBCbL0LqJNeMfJByIQ3yLfgQGg==
  dependencies:
    "@girs/freetype2-2.0" "^2.0.0-4.0.0-beta.23"
    "@girs/gjs" "^4.0.0-beta.23"
    "@girs/glib-2.0" "^2.84.0-4.0.0-beta.23"
    "@girs/gobject-2.0" "^2.84.0-4.0.0-beta.23"

"@girs/meta-16@^16.0.0-4.0.0-beta.23", "@girs/meta-16@^16.0.0-4.0.0-beta.25":
  version "16.0.0-4.0.0-beta.25"
  resolved "https://registry.yarnpkg.com/@girs/meta-16/-/meta-16-16.0.0-4.0.0-beta.25.tgz#eabcc6529ba086aecca21516007c4ec8874630ff"
  integrity sha512-u/zvn+Iu/C3eCXL3sP2qn2E5lyDNCpndh67mJ5zYwS0KjETpyT9UO0Goaka0t2XH+ytj73TwG25RglP+nsbsDw==
  dependencies:
    "@girs/atk-1.0" "^2.56.2-4.0.0-beta.25"
    "@girs/cairo-1.0" "^1.0.0-4.0.0-beta.25"
    "@girs/clutter-16" "^16.0.0-4.0.0-beta.25"
    "@girs/cogl-16" "^16.0.0-4.0.0-beta.25"
    "@girs/freetype2-2.0" "^2.0.0-4.0.0-beta.25"
    "@girs/gdesktopenums-3.0" "^3.0.0-4.0.0-beta.25"
    "@girs/gio-2.0" "^2.84.2-4.0.0-beta.25"
    "@girs/gjs" "^4.0.0-beta.25"
    "@girs/gl-1.0" "^1.0.0-4.0.0-beta.25"
    "@girs/glib-2.0" "^2.84.2-4.0.0-beta.25"
    "@girs/gmodule-2.0" "^2.0.0-4.0.0-beta.25"
    "@girs/gobject-2.0" "^2.84.2-4.0.0-beta.25"
    "@girs/graphene-1.0" "^1.0.0-4.0.0-beta.25"
    "@girs/harfbuzz-0.0" "^10.4.0-4.0.0-beta.25"
    "@girs/mtk-16" "^16.0.0-4.0.0-beta.25"
    "@girs/pango-1.0" "^1.56.4-4.0.0-beta.25"
    "@girs/xfixes-4.0" "^4.0.0-4.0.0-beta.25"
    "@girs/xlib-2.0" "^2.0.0-4.0.0-beta.25"

"@girs/mtk-16@^16.0.0-4.0.0-beta.23", "@girs/mtk-16@^16.0.0-4.0.0-beta.25":
  version "16.0.0-4.0.0-beta.25"
  resolved "https://registry.yarnpkg.com/@girs/mtk-16/-/mtk-16-16.0.0-4.0.0-beta.25.tgz#effa785e23034fc770147ca1e389124d57da58fe"
  integrity sha512-YxAq7YXm+MEBVtlAcW9F/+Bsm/8dHBgW3x8Uq9yLGSbK20gm6a4aJ7cFBmpV1l8uzVUltAOniBhjZ1X6VWqPPQ==
  dependencies:
    "@girs/gjs" "^4.0.0-beta.25"
    "@girs/glib-2.0" "^2.84.2-4.0.0-beta.25"
    "@girs/gobject-2.0" "^2.84.2-4.0.0-beta.25"
    "@girs/graphene-1.0" "^1.0.0-4.0.0-beta.25"

"@girs/nm-1.0@^1.49.4-4.0.0-beta.25":
  version "1.49.4-4.0.0-beta.25"
  resolved "https://registry.yarnpkg.com/@girs/nm-1.0/-/nm-1.0-1.49.4-4.0.0-beta.25.tgz#73205fd69fb5351a6fc8c0e23f38c5df9399888d"
  integrity sha512-nX1cmM2H7o6rw52coJcwZIzsAxXhhWNWEkS3rTNnc4IuLsMQePggzzL/zWMU0yZFChJRzfhFxPRTkSh1D352lg==
  dependencies:
    "@girs/gio-2.0" "^2.84.2-4.0.0-beta.25"
    "@girs/gjs" "^4.0.0-beta.25"
    "@girs/glib-2.0" "^2.84.2-4.0.0-beta.25"
    "@girs/gmodule-2.0" "^2.0.0-4.0.0-beta.25"
    "@girs/gobject-2.0" "^2.84.2-4.0.0-beta.25"

"@girs/pango-1.0@^1.56.4-4.0.0-beta.23", "@girs/pango-1.0@^1.56.4-4.0.0-beta.25":
  version "1.56.4-4.0.0-beta.25"
  resolved "https://registry.yarnpkg.com/@girs/pango-1.0/-/pango-1.0-1.56.4-4.0.0-beta.25.tgz#38e2fa44cae1b8a41d54870c35f332878a91dc4f"
  integrity sha512-/lsPuVOPO/muGV97oFk9cv0xnfqS2qIPweSY8Y50Yqwb013tXNx9+23Bvf7AdEPFAOUbP3CK6fwKoyuSOnz1mQ==
  dependencies:
    "@girs/cairo-1.0" "^1.0.0-4.0.0-beta.25"
    "@girs/freetype2-2.0" "^2.0.0-4.0.0-beta.25"
    "@girs/gio-2.0" "^2.84.2-4.0.0-beta.25"
    "@girs/gjs" "^4.0.0-beta.25"
    "@girs/glib-2.0" "^2.84.2-4.0.0-beta.25"
    "@girs/gmodule-2.0" "^2.0.0-4.0.0-beta.25"
    "@girs/gobject-2.0" "^2.84.2-4.0.0-beta.25"
    "@girs/harfbuzz-0.0" "^10.4.0-4.0.0-beta.25"

"@girs/pangocairo-1.0@^1.0.0-4.0.0-beta.23", "@girs/pangocairo-1.0@^1.0.0-4.0.0-beta.25":
  version "1.0.0-4.0.0-beta.25"
  resolved "https://registry.yarnpkg.com/@girs/pangocairo-1.0/-/pangocairo-1.0-1.0.0-4.0.0-beta.25.tgz#3090606307c492a3a0d61e99a92828c74bf89f7b"
  integrity sha512-xMcPb4AG4wYB6Z12i6v+9SmY21GLtilyKQiKBjXAXHZWprv1xZRT7bH+VyujoA8ZFcfm6vLvslw1SFVUTFCyrQ==
  dependencies:
    "@girs/cairo-1.0" "^1.0.0-4.0.0-beta.25"
    "@girs/freetype2-2.0" "^2.0.0-4.0.0-beta.25"
    "@girs/gio-2.0" "^2.84.2-4.0.0-beta.25"
    "@girs/gjs" "^4.0.0-beta.25"
    "@girs/glib-2.0" "^2.84.2-4.0.0-beta.25"
    "@girs/gmodule-2.0" "^2.0.0-4.0.0-beta.25"
    "@girs/gobject-2.0" "^2.84.2-4.0.0-beta.25"
    "@girs/harfbuzz-0.0" "^10.4.0-4.0.0-beta.25"
    "@girs/pango-1.0" "^1.56.4-4.0.0-beta.25"

"@girs/polkit-1.0@^1.0.0-4.0.0-beta.23", "@girs/polkit-1.0@^1.0.0-4.0.0-beta.25":
  version "1.0.0-4.0.0-beta.25"
  resolved "https://registry.yarnpkg.com/@girs/polkit-1.0/-/polkit-1.0-1.0.0-4.0.0-beta.25.tgz#882be27d0475d92367977aab5dc8fe0884f1743c"
  integrity sha512-vKXJHCzRD2IMUed8SCu5sSZ6a3ub63pbD9F1YrHt7A77Y1yNSy/pXVwaWw3CB+O9p39Ld8vr/pyPTJC7kKIk2Q==
  dependencies:
    "@girs/gio-2.0" "^2.84.2-4.0.0-beta.25"
    "@girs/gjs" "^4.0.0-beta.25"
    "@girs/glib-2.0" "^2.84.2-4.0.0-beta.25"
    "@girs/gmodule-2.0" "^2.0.0-4.0.0-beta.25"
    "@girs/gobject-2.0" "^2.84.2-4.0.0-beta.25"

"@girs/polkitagent-1.0@^1.0.0-4.0.0-beta.25":
  version "1.0.0-4.0.0-beta.25"
  resolved "https://registry.yarnpkg.com/@girs/polkitagent-1.0/-/polkitagent-1.0-1.0.0-4.0.0-beta.25.tgz#af5c8285187096fdb6cb09a25eed8a996ef96b5c"
  integrity sha512-tb83Wv9KLImKi5RbHldKqbYMfJ0qjeJ5WzXQjT6tEcBboD8N9MLLkNSko1r/N7eRBefSkMTNU+9K8ZTz7jo9cQ==
  dependencies:
    "@girs/gio-2.0" "^2.84.2-4.0.0-beta.25"
    "@girs/gjs" "^4.0.0-beta.25"
    "@girs/glib-2.0" "^2.84.2-4.0.0-beta.25"
    "@girs/gmodule-2.0" "^2.0.0-4.0.0-beta.25"
    "@girs/gobject-2.0" "^2.84.2-4.0.0-beta.25"
    "@girs/polkit-1.0" "^1.0.0-4.0.0-beta.25"

"@girs/shell-16@^16.0.0-4.0.0-beta.23":
  version "16.0.0-4.0.0-beta.25"
  resolved "https://registry.yarnpkg.com/@girs/shell-16/-/shell-16-16.0.0-4.0.0-beta.25.tgz#201a97e2acaf34ca0beeaa11e0936a1cc513d273"
  integrity sha512-dKYitg1Db87CR3P3aBb7tK1fZ5U6XzdsQns3/4IKczqZVLQ23iG8WOoTPBRx3wppOHly0DrXPwMzgoFEQ5QNmg==
  dependencies:
    "@girs/atk-1.0" "^2.56.2-4.0.0-beta.25"
    "@girs/cairo-1.0" "^1.0.0-4.0.0-beta.25"
    "@girs/clutter-16" "^16.0.0-4.0.0-beta.25"
    "@girs/cogl-16" "^16.0.0-4.0.0-beta.25"
    "@girs/freetype2-2.0" "^2.0.0-4.0.0-beta.25"
    "@girs/gck-2" "^4.4.0-4.0.0-beta.25"
    "@girs/gcr-4" "^4.4.0-4.0.0-beta.25"
    "@girs/gdesktopenums-3.0" "^3.0.0-4.0.0-beta.25"
    "@girs/gdkpixbuf-2.0" "^2.0.0-4.0.0-beta.25"
    "@girs/gio-2.0" "^2.84.2-4.0.0-beta.25"
    "@girs/gjs" "^4.0.0-beta.25"
    "@girs/gl-1.0" "^1.0.0-4.0.0-beta.25"
    "@girs/glib-2.0" "^2.84.2-4.0.0-beta.25"
    "@girs/gmodule-2.0" "^2.0.0-4.0.0-beta.25"
    "@girs/gobject-2.0" "^2.84.2-4.0.0-beta.25"
    "@girs/graphene-1.0" "^1.0.0-4.0.0-beta.25"
    "@girs/gvc-1.0" "^1.0.0-4.0.0-beta.25"
    "@girs/harfbuzz-0.0" "^10.4.0-4.0.0-beta.25"
    "@girs/meta-16" "^16.0.0-4.0.0-beta.25"
    "@girs/mtk-16" "^16.0.0-4.0.0-beta.25"
    "@girs/nm-1.0" "^1.49.4-4.0.0-beta.25"
    "@girs/pango-1.0" "^1.56.4-4.0.0-beta.25"
    "@girs/polkit-1.0" "^1.0.0-4.0.0-beta.25"
    "@girs/polkitagent-1.0" "^1.0.0-4.0.0-beta.25"
    "@girs/st-16" "^16.0.0-4.0.0-beta.25"
    "@girs/xfixes-4.0" "^4.0.0-4.0.0-beta.25"
    "@girs/xlib-2.0" "^2.0.0-4.0.0-beta.25"

"@girs/shew-0@^0.0.0-4.0.0-beta.23":
  version "0.0.0-4.0.0-beta.25"
  resolved "https://registry.yarnpkg.com/@girs/shew-0/-/shew-0-0.0.0-4.0.0-beta.25.tgz#61b06233543a0e5ff3645e81db0acaf692ed6a00"
  integrity sha512-6SkEVFxivSMAZ9RgY5wL63gk/BpjBb/9OQYS8qowTTqXJu3j+wOCWSB3YZfaI/Xifv0gn+1Db/99Iwy5+fhqVw==
  dependencies:
    "@girs/cairo-1.0" "^1.0.0-4.0.0-beta.25"
    "@girs/freetype2-2.0" "^2.0.0-4.0.0-beta.25"
    "@girs/gdk-4.0" "^4.0.0-4.0.0-beta.25"
    "@girs/gdkpixbuf-2.0" "^2.0.0-4.0.0-beta.25"
    "@girs/gio-2.0" "^2.84.2-4.0.0-beta.25"
    "@girs/gjs" "^4.0.0-beta.25"
    "@girs/glib-2.0" "^2.84.2-4.0.0-beta.25"
    "@girs/gmodule-2.0" "^2.0.0-4.0.0-beta.25"
    "@girs/gobject-2.0" "^2.84.2-4.0.0-beta.25"
    "@girs/graphene-1.0" "^1.0.0-4.0.0-beta.25"
    "@girs/gsk-4.0" "^4.0.0-4.0.0-beta.25"
    "@girs/gtk-4.0" "^4.19.1-4.0.0-beta.25"
    "@girs/harfbuzz-0.0" "^10.4.0-4.0.0-beta.25"
    "@girs/pango-1.0" "^1.56.4-4.0.0-beta.25"
    "@girs/pangocairo-1.0" "^1.0.0-4.0.0-beta.25"

"@girs/st-16@^16.0.0-4.0.0-beta.23", "@girs/st-16@^16.0.0-4.0.0-beta.25":
  version "16.0.0-4.0.0-beta.25"
  resolved "https://registry.yarnpkg.com/@girs/st-16/-/st-16-16.0.0-4.0.0-beta.25.tgz#7f8656ca8fc573304c63254ff7619066de4f7a40"
  integrity sha512-IghzpwywJcBv8NvuS9T4QMTq5Nx6yK3WL8E5WuStDO5OBmVkC6ik/g+SfW3dFR/ITfGz37QDwsGuZvhxY5yY6g==
  dependencies:
    "@girs/atk-1.0" "^2.56.2-4.0.0-beta.25"
    "@girs/cairo-1.0" "^1.0.0-4.0.0-beta.25"
    "@girs/clutter-16" "^16.0.0-4.0.0-beta.25"
    "@girs/cogl-16" "^16.0.0-4.0.0-beta.25"
    "@girs/freetype2-2.0" "^2.0.0-4.0.0-beta.25"
    "@girs/gdesktopenums-3.0" "^3.0.0-4.0.0-beta.25"
    "@girs/gdkpixbuf-2.0" "^2.0.0-4.0.0-beta.25"
    "@girs/gio-2.0" "^2.84.2-4.0.0-beta.25"
    "@girs/gjs" "^4.0.0-beta.25"
    "@girs/gl-1.0" "^1.0.0-4.0.0-beta.25"
    "@girs/glib-2.0" "^2.84.2-4.0.0-beta.25"
    "@girs/gmodule-2.0" "^2.0.0-4.0.0-beta.25"
    "@girs/gobject-2.0" "^2.84.2-4.0.0-beta.25"
    "@girs/graphene-1.0" "^1.0.0-4.0.0-beta.25"
    "@girs/harfbuzz-0.0" "^10.4.0-4.0.0-beta.25"
    "@girs/meta-16" "^16.0.0-4.0.0-beta.25"
    "@girs/mtk-16" "^16.0.0-4.0.0-beta.25"
    "@girs/pango-1.0" "^1.56.4-4.0.0-beta.25"
    "@girs/xfixes-4.0" "^4.0.0-4.0.0-beta.25"
    "@girs/xlib-2.0" "^2.0.0-4.0.0-beta.25"

"@girs/upowerglib-1.0@^0.99.1-4.0.0-beta.23":
  version "0.99.1-4.0.0-beta.25"
  resolved "https://registry.yarnpkg.com/@girs/upowerglib-1.0/-/upowerglib-1.0-0.99.1-4.0.0-beta.25.tgz#aa881369a94ef4bdac5c11ea70da44d0fa6233b0"
  integrity sha512-ZDs+cHUnPv5cWNReq3IybN5hykxKUrSNcqAguvmZfvMLnyKzfW4uP0WiYCcJ1+7qg5HY6NVlDWpezyC528Ps9A==
  dependencies:
    "@girs/gio-2.0" "^2.84.2-4.0.0-beta.25"
    "@girs/gjs" "^4.0.0-beta.25"
    "@girs/glib-2.0" "^2.84.2-4.0.0-beta.25"
    "@girs/gmodule-2.0" "^2.0.0-4.0.0-beta.25"
    "@girs/gobject-2.0" "^2.84.2-4.0.0-beta.25"

"@girs/xfixes-4.0@^4.0.0-4.0.0-beta.25":
  version "4.0.0-4.0.0-beta.25"
  resolved "https://registry.yarnpkg.com/@girs/xfixes-4.0/-/xfixes-4.0-4.0.0-4.0.0-beta.25.tgz#02591cd2a0b268c53c90be38d667c83b28cbe35d"
  integrity sha512-sbW/Iu5mL3gbCMXFYnH3X1v5qmuJc50R8+HLvQf1HG7noFxBd735VU3kjmLF2kGQeuVMv4bhGgBD6L17cYduXg==
  dependencies:
    "@girs/gjs" "^4.0.0-beta.25"
    "@girs/gobject-2.0" "^2.84.2-4.0.0-beta.25"

"@girs/xlib-2.0@^2.0.0-4.0.0-beta.25":
  version "2.0.0-4.0.0-beta.25"
  resolved "https://registry.yarnpkg.com/@girs/xlib-2.0/-/xlib-2.0-2.0.0-4.0.0-beta.25.tgz#c5cd9de7f642ac2a2c5b650e9963c83514278371"
  integrity sha512-tuQnCMgQOwxsTs5j4u0JQG/ogfQKNYl/TPM7UzdyCXzF3aTqDFcZ1cfHap0FTnrkQ9R/NQhv7VN8Mc0d7sqK3A==
  dependencies:
    "@girs/gjs" "^4.0.0-beta.25"
    "@girs/gobject-2.0" "^2.84.2-4.0.0-beta.25"
